
Microsoft Visual Studio Solution File, Format Version 12.00
# Visual Studio Version 17
VisualStudioVersion = 17.13.35919.96 d17.13
MinimumVisualStudioVersion = 10.0.40219.1
Project("{FAE04EC0-301F-11D3-BF4B-00C04F79EFBC}") = "WebApp", "WebApp\WebApp.csproj", "{9E046EB4-03EB-4E76-995F-2F5E70EB36ED}"
EndProject
Global
	GlobalSection(SolutionConfigurationPlatforms) = preSolution
		Debug|Any CPU = Debug|Any CPU
		Release|Any CPU = Release|Any CPU
	EndGlobalSection
	GlobalSection(ProjectConfigurationPlatforms) = postSolution
		{9E046EB4-03EB-4E76-995F-2F5E70EB36ED}.Debug|Any CPU.ActiveCfg = Debug|Any CPU
		{9E046EB4-03EB-4E76-995F-2F5E70EB36ED}.Debug|Any CPU.Build.0 = Debug|Any CPU
		{9E046EB4-03EB-4E76-995F-2F5E70EB36ED}.Release|Any CPU.ActiveCfg = Release|Any CPU
		{9E046EB4-03EB-4E76-995F-2F5E70EB36ED}.Release|Any CPU.Build.0 = Release|Any CPU
	EndGlobalSection
	GlobalSection(SolutionProperties) = preSolution
		HideSolutionNode = FALSE
	EndGlobalSection
	GlobalSection(ExtensibilityGlobals) = postSolution
		SolutionGuid = {AD120AC9-D7FF-49B7-9A46-5EFFDF25F270}
	EndGlobalSection
EndGlobal
